
Microsoft Visual Studio Solution File, Format Version 12.00
# Visual Studio Version 17
VisualStudioVersion = 17.10.34928.147
MinimumVisualStudioVersion = 10.0.40219.1
Project("{FAE04EC0-301F-11D3-BF4B-00C04F79EFBC}") = "APP_API", "APP_API\APP_API.csproj", "{882AC30B-E3A1-4108-B8FB-B18CA681FAE5}"
EndProject
Project("{FAE04EC0-301F-11D3-BF4B-00C04F79EFBC}") = "APP_DATA", "APP_DATA\APP_DATA.csproj", "{7013A3F0-51FF-4BFD-B37A-7478E275E119}"
EndProject
Project("{FAE04EC0-301F-11D3-BF4B-00C04F79EFBC}") = "APP_VIEW", "APP_VIEW\APP_VIEW.csproj", "{6030714B-9EC5-41AE-8A18-13550A763178}"
EndProject
Global
	GlobalSection(SolutionConfigurationPlatforms) = preSolution
		Debug|Any CPU = Debug|Any CPU
		Release|Any CPU = Release|Any CPU
	EndGlobalSection
	GlobalSection(ProjectConfigurationPlatforms) = postSolution
		{882AC30B-E3A1-4108-B8FB-B18CA681FAE5}.Debug|Any CPU.ActiveCfg = Debug|Any CPU
		{882AC30B-E3A1-4108-B8FB-B18CA681FAE5}.Debug|Any CPU.Build.0 = Debug|Any CPU
		{882AC30B-E3A1-4108-B8FB-B18CA681FAE5}.Release|Any CPU.ActiveCfg = Release|Any CPU
		{882AC30B-E3A1-4108-B8FB-B18CA681FAE5}.Release|Any CPU.Build.0 = Release|Any CPU
		{7013A3F0-51FF-4BFD-B37A-7478E275E119}.Debug|Any CPU.ActiveCfg = Debug|Any CPU
		{7013A3F0-51FF-4BFD-B37A-7478E275E119}.Debug|Any CPU.Build.0 = Debug|Any CPU
		{7013A3F0-51FF-4BFD-B37A-7478E275E119}.Release|Any CPU.ActiveCfg = Release|Any CPU
		{7013A3F0-51FF-4BFD-B37A-7478E275E119}.Release|Any CPU.Build.0 = Release|Any CPU
		{6030714B-9EC5-41AE-8A18-13550A763178}.Debug|Any CPU.ActiveCfg = Debug|Any CPU
		{6030714B-9EC5-41AE-8A18-13550A763178}.Debug|Any CPU.Build.0 = Debug|Any CPU
		{6030714B-9EC5-41AE-8A18-13550A763178}.Release|Any CPU.ActiveCfg = Release|Any CPU
		{6030714B-9EC5-41AE-8A18-13550A763178}.Release|Any CPU.Build.0 = Release|Any CPU
	EndGlobalSection
	GlobalSection(SolutionProperties) = preSolution
		HideSolutionNode = FALSE
	EndGlobalSection
	GlobalSection(ExtensibilityGlobals) = postSolution
		SolutionGuid = {A46C7B52-96F7-492F-9222-26A0880C5B32}
	EndGlobalSection
EndGlobal
